
Microsoft Visual Studio Solution File, Format Version 12.00
# Visual Studio Version 17
VisualStudioVersion = 17.9.34728.123
MinimumVisualStudioVersion = 10.0.40219.1
Project("{2150E333-8FDC-42A3-9474-1A3956D46DE8}") = "Domain", "Domain", "{CEFF75D2-52B7-4BD2-8E0F-0B2CF5469A8D}"
EndProject
Project("{2150E333-8FDC-42A3-9474-1A3956D46DE8}") = "Presentation", "Presentation", "{A4E72F95-293B-4C2B-A8A4-8C0E265B1085}"
EndProject
Project("{2150E333-8FDC-42A3-9474-1A3956D46DE8}") = "Infra.IoC", "Infra.IoC", "{80EF1901-9712-4182-9BF3-595C7B07B4F0}"
EndProject
Project("{2150E333-8FDC-42A3-9474-1A3956D46DE8}") = "Infra.Bus", "Infra.Bus", "{0E254292-7D2E-4316-BCB9-E79765BA4EED}"
EndProject
Project("{2150E333-8FDC-42A3-9474-1A3956D46DE8}") = "Microservices", "Microservices", "{5D87E4C9-25DF-415B-98FE-C2CB7E50683E}"
EndProject
Project("{9A19103F-16F7-4668-BE54-9A1E7A4F7556}") = "MicroRabbit.Domain.Core", "MicroRabbit.Domain.Core\MicroRabbit.Domain.Core.csproj", "{0AA3ABCF-F77C-4F92-8819-2B75422D7C15}"
EndProject
Project("{9A19103F-16F7-4668-BE54-9A1E7A4F7556}") = "MicroRabbit.Infra.Bus", "MicroRabbit.Infrastructure.Bus\MicroRabbit.Infra.Bus.csproj", "{AA62A740-F109-4917-8FB7-54D4DA6B8806}"
EndProject
Project("{9A19103F-16F7-4668-BE54-9A1E7A4F7556}") = "MicroRabbit.Infra.IoC", "MicroRabbit.Infra.IoC\MicroRabbit.Infra.IoC.csproj", "{0804EAED-E9AB-4FFD-816F-AF15D29A4EA6}"
EndProject
Project("{2150E333-8FDC-42A3-9474-1A3956D46DE8}") = "Banking", "Banking", "{03AC667B-9DA0-458F-B200-349D5F491C4D}"
EndProject
Project("{2150E333-8FDC-42A3-9474-1A3956D46DE8}") = "Api", "Api", "{CCDA8DD5-F739-4F48-983B-2ACDFC5791E8}"
EndProject
Project("{2150E333-8FDC-42A3-9474-1A3956D46DE8}") = "Domain", "Domain", "{237ABF09-9206-4F7B-B142-9E09589BECFC}"
EndProject
Project("{2150E333-8FDC-42A3-9474-1A3956D46DE8}") = "Application", "Application", "{75F6887C-6E41-4568-92CB-DAA0C677DFD6}"
EndProject
Project("{2150E333-8FDC-42A3-9474-1A3956D46DE8}") = "Data", "Data", "{2016B853-C010-41FF-B282-1A6C5885FCA4}"
EndProject
Project("{9A19103F-16F7-4668-BE54-9A1E7A4F7556}") = "MicroRabbit.Banking.Api", "MicroRabbit.Banking.Api\MicroRabbit.Banking.Api.csproj", "{928F80D7-7018-4727-BE08-1F119F57F3A5}"
EndProject
Project("{9A19103F-16F7-4668-BE54-9A1E7A4F7556}") = "MicroRabbit.Banking.Application", "MicroRabbit.Banking.Application\MicroRabbit.Banking.Application.csproj", "{B82625B7-81BB-434A-8B8C-0386CFDC9817}"
EndProject
Project("{9A19103F-16F7-4668-BE54-9A1E7A4F7556}") = "MicroRabbit.Banking.Data", "MicroRabbit.Banking.Data\MicroRabbit.Banking.Data.csproj", "{10C16B26-832A-4FE8-B45D-2D4EC4D25D90}"
EndProject
Project("{9A19103F-16F7-4668-BE54-9A1E7A4F7556}") = "MicroRabbit.Banking.Domain", "MicroRabbit.Banking.Domain\MicroRabbit.Banking.Domain.csproj", "{F49D7D5A-497B-46E1-A6AA-C7994FC10BC0}"
EndProject
Project("{2150E333-8FDC-42A3-9474-1A3956D46DE8}") = "Transfer", "Transfer", "{B97B92C7-8087-4A86-BFA9-E959671010A9}"
EndProject
Project("{2150E333-8FDC-42A3-9474-1A3956D46DE8}") = "Api", "Api", "{EEFE8EC7-10F8-4D18-BD5E-E7B8B5566411}"
EndProject
Project("{2150E333-8FDC-42A3-9474-1A3956D46DE8}") = "Application", "Application", "{4356367E-FE4B-4C68-AF22-CEF2478EACA2}"
EndProject
Project("{2150E333-8FDC-42A3-9474-1A3956D46DE8}") = "Data", "Data", "{662014CA-B7E3-48CF-8821-251038DF5350}"
EndProject
Project("{2150E333-8FDC-42A3-9474-1A3956D46DE8}") = "Domain", "Domain", "{40F0722F-3B2F-4BA1-B1B3-13A9AB018A37}"
EndProject
Project("{9A19103F-16F7-4668-BE54-9A1E7A4F7556}") = "MicroRabbit.Transfer.Api", "MicroRabbit.Transfer.Api\MicroRabbit.Transfer.Api.csproj", "{EF7C2C1E-A3C2-482B-86E5-06C2A8E5D272}"
EndProject
Project("{9A19103F-16F7-4668-BE54-9A1E7A4F7556}") = "MicroRabbit.Transfer.Application", "MicroRabbit.Transfer.Application\MicroRabbit.Transfer.Application.csproj", "{103363DD-0F14-4B78-BAF8-2FE54495BC3D}"
EndProject
Project("{9A19103F-16F7-4668-BE54-9A1E7A4F7556}") = "MicroRabbit.Transfer.Domain", "MicroRabbit.Transfer.Domain\MicroRabbit.Transfer.Domain.csproj", "{C039A35F-44BD-44AC-80BA-9C9E507A9305}"
EndProject
Project("{9A19103F-16F7-4668-BE54-9A1E7A4F7556}") = "MicroRabbit.Transfer.Data", "MicroRabbit.Transfer.Data\MicroRabbit.Transfer.Data.csproj", "{76C2FFC7-AC72-47FD-98BE-F04E0BDF4CB1}"
EndProject
Global
	GlobalSection(SolutionConfigurationPlatforms) = preSolution
		Debug|Any CPU = Debug|Any CPU
		Release|Any CPU = Release|Any CPU
	EndGlobalSection
	GlobalSection(ProjectConfigurationPlatforms) = postSolution
		{0AA3ABCF-F77C-4F92-8819-2B75422D7C15}.Debug|Any CPU.ActiveCfg = Debug|Any CPU
		{0AA3ABCF-F77C-4F92-8819-2B75422D7C15}.Debug|Any CPU.Build.0 = Debug|Any CPU
		{0AA3ABCF-F77C-4F92-8819-2B75422D7C15}.Release|Any CPU.ActiveCfg = Release|Any CPU
		{0AA3ABCF-F77C-4F92-8819-2B75422D7C15}.Release|Any CPU.Build.0 = Release|Any CPU
		{AA62A740-F109-4917-8FB7-54D4DA6B8806}.Debug|Any CPU.ActiveCfg = Debug|Any CPU
		{AA62A740-F109-4917-8FB7-54D4DA6B8806}.Debug|Any CPU.Build.0 = Debug|Any CPU
		{AA62A740-F109-4917-8FB7-54D4DA6B8806}.Release|Any CPU.ActiveCfg = Release|Any CPU
		{AA62A740-F109-4917-8FB7-54D4DA6B8806}.Release|Any CPU.Build.0 = Release|Any CPU
		{0804EAED-E9AB-4FFD-816F-AF15D29A4EA6}.Debug|Any CPU.ActiveCfg = Debug|Any CPU
		{0804EAED-E9AB-4FFD-816F-AF15D29A4EA6}.Debug|Any CPU.Build.0 = Debug|Any CPU
		{0804EAED-E9AB-4FFD-816F-AF15D29A4EA6}.Release|Any CPU.ActiveCfg = Release|Any CPU
		{0804EAED-E9AB-4FFD-816F-AF15D29A4EA6}.Release|Any CPU.Build.0 = Release|Any CPU
		{928F80D7-7018-4727-BE08-1F119F57F3A5}.Debug|Any CPU.ActiveCfg = Debug|Any CPU
		{928F80D7-7018-4727-BE08-1F119F57F3A5}.Debug|Any CPU.Build.0 = Debug|Any CPU
		{928F80D7-7018-4727-BE08-1F119F57F3A5}.Release|Any CPU.ActiveCfg = Release|Any CPU
		{928F80D7-7018-4727-BE08-1F119F57F3A5}.Release|Any CPU.Build.0 = Release|Any CPU
		{B82625B7-81BB-434A-8B8C-0386CFDC9817}.Debug|Any CPU.ActiveCfg = Debug|Any CPU
		{B82625B7-81BB-434A-8B8C-0386CFDC9817}.Debug|Any CPU.Build.0 = Debug|Any CPU
		{B82625B7-81BB-434A-8B8C-0386CFDC9817}.Release|Any CPU.ActiveCfg = Release|Any CPU
		{B82625B7-81BB-434A-8B8C-0386CFDC9817}.Release|Any CPU.Build.0 = Release|Any CPU
		{10C16B26-832A-4FE8-B45D-2D4EC4D25D90}.Debug|Any CPU.ActiveCfg = Debug|Any CPU
		{10C16B26-832A-4FE8-B45D-2D4EC4D25D90}.Debug|Any CPU.Build.0 = Debug|Any CPU
		{10C16B26-832A-4FE8-B45D-2D4EC4D25D90}.Release|Any CPU.ActiveCfg = Release|Any CPU
		{10C16B26-832A-4FE8-B45D-2D4EC4D25D90}.Release|Any CPU.Build.0 = Release|Any CPU
		{F49D7D5A-497B-46E1-A6AA-C7994FC10BC0}.Debug|Any CPU.ActiveCfg = Debug|Any CPU
		{F49D7D5A-497B-46E1-A6AA-C7994FC10BC0}.Debug|Any CPU.Build.0 = Debug|Any CPU
		{F49D7D5A-497B-46E1-A6AA-C7994FC10BC0}.Release|Any CPU.ActiveCfg = Release|Any CPU
		{F49D7D5A-497B-46E1-A6AA-C7994FC10BC0}.Release|Any CPU.Build.0 = Release|Any CPU
		{EF7C2C1E-A3C2-482B-86E5-06C2A8E5D272}.Debug|Any CPU.ActiveCfg = Debug|Any CPU
		{EF7C2C1E-A3C2-482B-86E5-06C2A8E5D272}.Debug|Any CPU.Build.0 = Debug|Any CPU
		{EF7C2C1E-A3C2-482B-86E5-06C2A8E5D272}.Release|Any CPU.ActiveCfg = Release|Any CPU
		{EF7C2C1E-A3C2-482B-86E5-06C2A8E5D272}.Release|Any CPU.Build.0 = Release|Any CPU
		{103363DD-0F14-4B78-BAF8-2FE54495BC3D}.Debug|Any CPU.ActiveCfg = Debug|Any CPU
		{103363DD-0F14-4B78-BAF8-2FE54495BC3D}.Debug|Any CPU.Build.0 = Debug|Any CPU
		{103363DD-0F14-4B78-BAF8-2FE54495BC3D}.Release|Any CPU.ActiveCfg = Release|Any CPU
		{103363DD-0F14-4B78-BAF8-2FE54495BC3D}.Release|Any CPU.Build.0 = Release|Any CPU
		{C039A35F-44BD-44AC-80BA-9C9E507A9305}.Debug|Any CPU.ActiveCfg = Debug|Any CPU
		{C039A35F-44BD-44AC-80BA-9C9E507A9305}.Debug|Any CPU.Build.0 = Debug|Any CPU
		{C039A35F-44BD-44AC-80BA-9C9E507A9305}.Release|Any CPU.ActiveCfg = Release|Any CPU
		{C039A35F-44BD-44AC-80BA-9C9E507A9305}.Release|Any CPU.Build.0 = Release|Any CPU
		{76C2FFC7-AC72-47FD-98BE-F04E0BDF4CB1}.Debug|Any CPU.ActiveCfg = Debug|Any CPU
		{76C2FFC7-AC72-47FD-98BE-F04E0BDF4CB1}.Debug|Any CPU.Build.0 = Debug|Any CPU
		{76C2FFC7-AC72-47FD-98BE-F04E0BDF4CB1}.Release|Any CPU.ActiveCfg = Release|Any CPU
		{76C2FFC7-AC72-47FD-98BE-F04E0BDF4CB1}.Release|Any CPU.Build.0 = Release|Any CPU
	EndGlobalSection
	GlobalSection(SolutionProperties) = preSolution
		HideSolutionNode = FALSE
	EndGlobalSection
	GlobalSection(NestedProjects) = preSolution
		{0AA3ABCF-F77C-4F92-8819-2B75422D7C15} = {CEFF75D2-52B7-4BD2-8E0F-0B2CF5469A8D}
		{AA62A740-F109-4917-8FB7-54D4DA6B8806} = {0E254292-7D2E-4316-BCB9-E79765BA4EED}
		{0804EAED-E9AB-4FFD-816F-AF15D29A4EA6} = {80EF1901-9712-4182-9BF3-595C7B07B4F0}
		{03AC667B-9DA0-458F-B200-349D5F491C4D} = {5D87E4C9-25DF-415B-98FE-C2CB7E50683E}
		{CCDA8DD5-F739-4F48-983B-2ACDFC5791E8} = {03AC667B-9DA0-458F-B200-349D5F491C4D}
		{237ABF09-9206-4F7B-B142-9E09589BECFC} = {03AC667B-9DA0-458F-B200-349D5F491C4D}
		{75F6887C-6E41-4568-92CB-DAA0C677DFD6} = {03AC667B-9DA0-458F-B200-349D5F491C4D}
		{2016B853-C010-41FF-B282-1A6C5885FCA4} = {03AC667B-9DA0-458F-B200-349D5F491C4D}
		{928F80D7-7018-4727-BE08-1F119F57F3A5} = {CCDA8DD5-F739-4F48-983B-2ACDFC5791E8}
		{B82625B7-81BB-434A-8B8C-0386CFDC9817} = {75F6887C-6E41-4568-92CB-DAA0C677DFD6}
		{10C16B26-832A-4FE8-B45D-2D4EC4D25D90} = {2016B853-C010-41FF-B282-1A6C5885FCA4}
		{F49D7D5A-497B-46E1-A6AA-C7994FC10BC0} = {237ABF09-9206-4F7B-B142-9E09589BECFC}
		{B97B92C7-8087-4A86-BFA9-E959671010A9} = {5D87E4C9-25DF-415B-98FE-C2CB7E50683E}
		{EEFE8EC7-10F8-4D18-BD5E-E7B8B5566411} = {B97B92C7-8087-4A86-BFA9-E959671010A9}
		{4356367E-FE4B-4C68-AF22-CEF2478EACA2} = {B97B92C7-8087-4A86-BFA9-E959671010A9}
		{662014CA-B7E3-48CF-8821-251038DF5350} = {B97B92C7-8087-4A86-BFA9-E959671010A9}
		{40F0722F-3B2F-4BA1-B1B3-13A9AB018A37} = {B97B92C7-8087-4A86-BFA9-E959671010A9}
		{EF7C2C1E-A3C2-482B-86E5-06C2A8E5D272} = {EEFE8EC7-10F8-4D18-BD5E-E7B8B5566411}
		{103363DD-0F14-4B78-BAF8-2FE54495BC3D} = {4356367E-FE4B-4C68-AF22-CEF2478EACA2}
		{C039A35F-44BD-44AC-80BA-9C9E507A9305} = {40F0722F-3B2F-4BA1-B1B3-13A9AB018A37}
		{76C2FFC7-AC72-47FD-98BE-F04E0BDF4CB1} = {662014CA-B7E3-48CF-8821-251038DF5350}
	EndGlobalSection
	GlobalSection(ExtensibilityGlobals) = postSolution
		SolutionGuid = {649750E4-CC18-418A-A80B-A53FFB4B8779}
	EndGlobalSection
EndGlobal
