
Microsoft Visual Studio Solution File, Format Version 12.00
# Visual Studio Version 17
VisualStudioVersion = 17.9.34728.123
MinimumVisualStudioVersion = 10.0.40219.1
Project("{2150E333-8FDC-42A3-9474-1A3956D46DE8}") = "Domain", "Domain", "{CEFF75D2-52B7-4BD2-8E0F-0B2CF5469A8D}"
EndProject
Project("{2150E333-8FDC-42A3-9474-1A3956D46DE8}") = "Presentation", "Presentation", "{A4E72F95-293B-4C2B-A8A4-8C0E265B1085}"
EndProject
Project("{2150E333-8FDC-42A3-9474-1A3956D46DE8}") = "Infra.IoC", "Infra.IoC", "{80EF1901-9712-4182-9BF3-595C7B07B4F0}"
EndProject
Project("{2150E333-8FDC-42A3-9474-1A3956D46DE8}") = "Infra.Bus", "Infra.Bus", "{0E254292-7D2E-4316-BCB9-E79765BA4EED}"
EndProject
Project("{2150E333-8FDC-42A3-9474-1A3956D46DE8}") = "Microservices", "Microservices", "{5D87E4C9-25DF-415B-98FE-C2CB7E50683E}"
EndProject
Project("{FAE04EC0-301F-11D3-BF4B-00C04F79EFBC}") = "MicroRabbit.Domain.Core", "MicroRabbit.Domain.Core\MicroRabbit.Domain.Core.csproj", "{0AA3ABCF-F77C-4F92-8819-2B75422D7C15}"
EndProject
Project("{FAE04EC0-301F-11D3-BF4B-00C04F79EFBC}") = "MicroRabbit.Infra.Bus", "MicroRabbit.Infrastructure.Bus\MicroRabbit.Infra.Bus.csproj", "{AA62A740-F109-4917-8FB7-54D4DA6B8806}"
EndProject
Global
	GlobalSection(SolutionConfigurationPlatforms) = preSolution
		Debug|Any CPU = Debug|Any CPU
		Release|Any CPU = Release|Any CPU
	EndGlobalSection
	GlobalSection(ProjectConfigurationPlatforms) = postSolution
		{0AA3ABCF-F77C-4F92-8819-2B75422D7C15}.Debug|Any CPU.ActiveCfg = Debug|Any CPU
		{0AA3ABCF-F77C-4F92-8819-2B75422D7C15}.Debug|Any CPU.Build.0 = Debug|Any CPU
		{0AA3ABCF-F77C-4F92-8819-2B75422D7C15}.Release|Any CPU.ActiveCfg = Release|Any CPU
		{0AA3ABCF-F77C-4F92-8819-2B75422D7C15}.Release|Any CPU.Build.0 = Release|Any CPU
		{AA62A740-F109-4917-8FB7-54D4DA6B8806}.Debug|Any CPU.ActiveCfg = Debug|Any CPU
		{AA62A740-F109-4917-8FB7-54D4DA6B8806}.Debug|Any CPU.Build.0 = Debug|Any CPU
		{AA62A740-F109-4917-8FB7-54D4DA6B8806}.Release|Any CPU.ActiveCfg = Release|Any CPU
		{AA62A740-F109-4917-8FB7-54D4DA6B8806}.Release|Any CPU.Build.0 = Release|Any CPU
	EndGlobalSection
	GlobalSection(SolutionProperties) = preSolution
		HideSolutionNode = FALSE
	EndGlobalSection
	GlobalSection(NestedProjects) = preSolution
		{0AA3ABCF-F77C-4F92-8819-2B75422D7C15} = {CEFF75D2-52B7-4BD2-8E0F-0B2CF5469A8D}
		{AA62A740-F109-4917-8FB7-54D4DA6B8806} = {0E254292-7D2E-4316-BCB9-E79765BA4EED}
	EndGlobalSection
	GlobalSection(ExtensibilityGlobals) = postSolution
		SolutionGuid = {649750E4-CC18-418A-A80B-A53FFB4B8779}
	EndGlobalSection
EndGlobal
